
Microsoft Visual Studio Solution File, Format Version 12.00
# Visual Studio Version 16
VisualStudioVersion = 16.0.30204.135
MinimumVisualStudioVersion = 10.0.40219.1
Project("{FAE04EC0-301F-11D3-BF4B-00C04F79EFBC}") = "TicTacToe_IT3B", "TicTacToe_IT3B\TicTacToe_IT3B.csproj", "{1E98E803-7C79-47A0-AE27-DC0B17CBE152}"
EndProject
Global
	GlobalSection(SolutionConfigurationPlatforms) = preSolution
		Debug|Any CPU = Debug|Any CPU
		Release|Any CPU = Release|Any CPU
	EndGlobalSection
	GlobalSection(ProjectConfigurationPlatforms) = postSolution
		{1E98E803-7C79-47A0-AE27-DC0B17CBE152}.Debug|Any CPU.ActiveCfg = Debug|Any CPU
		{1E98E803-7C79-47A0-AE27-DC0B17CBE152}.Debug|Any CPU.Build.0 = Debug|Any CPU
		{1E98E803-7C79-47A0-AE27-DC0B17CBE152}.Release|Any CPU.ActiveCfg = Release|Any CPU
		{1E98E803-7C79-47A0-AE27-DC0B17CBE152}.Release|Any CPU.Build.0 = Release|Any CPU
	EndGlobalSection
	GlobalSection(SolutionProperties) = preSolution
		HideSolutionNode = FALSE
	EndGlobalSection
	GlobalSection(ExtensibilityGlobals) = postSolution
		SolutionGuid = {A31E9288-168A-49C5-A795-D94C576BC099}
	EndGlobalSection
EndGlobal
